
Microsoft Visual Studio Solution File, Format Version 12.00
Project("{FAE04EC0-301F-11D3-BF4B-00C04F79EFBC}") = "RabbitPOC", "RabbitPOC\RabbitPOC.csproj", "{D8DEBCB6-E132-4870-8B02-39F4CE51AB62}"
EndProject
Global
	GlobalSection(SolutionConfigurationPlatforms) = preSolution
		Debug|Any CPU = Debug|Any CPU
		Release|Any CPU = Release|Any CPU
	EndGlobalSection
	GlobalSection(ProjectConfigurationPlatforms) = postSolution
		{D8DEBCB6-E132-4870-8B02-39F4CE51AB62}.Debug|Any CPU.ActiveCfg = Debug|Any CPU
		{D8DEBCB6-E132-4870-8B02-39F4CE51AB62}.Debug|Any CPU.Build.0 = Debug|Any CPU
		{D8DEBCB6-E132-4870-8B02-39F4CE51AB62}.Release|Any CPU.ActiveCfg = Release|Any CPU
		{D8DEBCB6-E132-4870-8B02-39F4CE51AB62}.Release|Any CPU.Build.0 = Release|Any CPU
	EndGlobalSection
EndGlobal
